
Microsoft Visual Studio Solution File, Format Version 12.00
# Visual Studio 15
VisualStudioVersion = 15.0.26730.12
MinimumVisualStudioVersion = 10.0.40219.1
Project("{9A19103F-16F7-4668-BE54-9A1E7A4F7556}") = "loop-construction", "loop-construction\loop-construction.csproj", "{4A991641-C800-4495-9678-FCDBE57C7476}"
EndProject
Project("{9A19103F-16F7-4668-BE54-9A1E7A4F7556}") = "task1", "task1\task1.csproj", "{7737E0AF-79DB-4B44-9423-731CE4ADEC88}"
EndProject
Project("{9A19103F-16F7-4668-BE54-9A1E7A4F7556}") = "task2", "task2\task2.csproj", "{E550D20F-17C7-4A4A-8D56-A94ED007AFD0}"
EndProject
Project("{9A19103F-16F7-4668-BE54-9A1E7A4F7556}") = "task3", "task3\task3.csproj", "{626CFFEC-0B89-45BF-9BDA-4C9B09B0FCFB}"
EndProject
Project("{9A19103F-16F7-4668-BE54-9A1E7A4F7556}") = "task4", "task4\task4.csproj", "{456F0089-64F8-41AC-957E-E546F084BDA9}"
EndProject
Project("{9A19103F-16F7-4668-BE54-9A1E7A4F7556}") = "task5", "task5\task5.csproj", "{D4C8FAAD-C96B-44FA-9AD6-11EAAEE4ABDA}"
EndProject
Project("{9A19103F-16F7-4668-BE54-9A1E7A4F7556}") = "task6", "task6\task6.csproj", "{968678F7-B275-4A1A-8A74-3F9233E0C609}"
EndProject
Project("{9A19103F-16F7-4668-BE54-9A1E7A4F7556}") = "task7", "task7\task7.csproj", "{E4716B4F-97BD-4333-BEB6-7495B4A71D01}"
EndProject
Project("{9A19103F-16F7-4668-BE54-9A1E7A4F7556}") = "task8", "task8\task8.csproj", "{876C26BF-07C1-4F8D-8A12-5632642DDB09}"
EndProject
Project("{9A19103F-16F7-4668-BE54-9A1E7A4F7556}") = "task9", "task9\task9.csproj", "{4648FE3E-F69D-4FE0-A6FB-56A6FF3495A0}"
EndProject
Project("{9A19103F-16F7-4668-BE54-9A1E7A4F7556}") = "task10", "task10\task10.csproj", "{3BB9906A-5EA6-40A4-B427-B4F07D1F077B}"
EndProject
Project("{FAE04EC0-301F-11D3-BF4B-00C04F79EFBC}") = "task11", "task11\task11.csproj", "{40B44331-1693-4ABC-93A8-F204E40B04E4}"
EndProject
Global
	GlobalSection(SolutionConfigurationPlatforms) = preSolution
		Debug|Any CPU = Debug|Any CPU
		Release|Any CPU = Release|Any CPU
	EndGlobalSection
	GlobalSection(ProjectConfigurationPlatforms) = postSolution
		{4A991641-C800-4495-9678-FCDBE57C7476}.Debug|Any CPU.ActiveCfg = Debug|Any CPU
		{4A991641-C800-4495-9678-FCDBE57C7476}.Debug|Any CPU.Build.0 = Debug|Any CPU
		{4A991641-C800-4495-9678-FCDBE57C7476}.Release|Any CPU.ActiveCfg = Release|Any CPU
		{4A991641-C800-4495-9678-FCDBE57C7476}.Release|Any CPU.Build.0 = Release|Any CPU
		{7737E0AF-79DB-4B44-9423-731CE4ADEC88}.Debug|Any CPU.ActiveCfg = Debug|Any CPU
		{7737E0AF-79DB-4B44-9423-731CE4ADEC88}.Debug|Any CPU.Build.0 = Debug|Any CPU
		{7737E0AF-79DB-4B44-9423-731CE4ADEC88}.Release|Any CPU.ActiveCfg = Release|Any CPU
		{7737E0AF-79DB-4B44-9423-731CE4ADEC88}.Release|Any CPU.Build.0 = Release|Any CPU
		{E550D20F-17C7-4A4A-8D56-A94ED007AFD0}.Debug|Any CPU.ActiveCfg = Debug|Any CPU
		{E550D20F-17C7-4A4A-8D56-A94ED007AFD0}.Debug|Any CPU.Build.0 = Debug|Any CPU
		{E550D20F-17C7-4A4A-8D56-A94ED007AFD0}.Release|Any CPU.ActiveCfg = Release|Any CPU
		{E550D20F-17C7-4A4A-8D56-A94ED007AFD0}.Release|Any CPU.Build.0 = Release|Any CPU
		{626CFFEC-0B89-45BF-9BDA-4C9B09B0FCFB}.Debug|Any CPU.ActiveCfg = Debug|Any CPU
		{626CFFEC-0B89-45BF-9BDA-4C9B09B0FCFB}.Debug|Any CPU.Build.0 = Debug|Any CPU
		{626CFFEC-0B89-45BF-9BDA-4C9B09B0FCFB}.Release|Any CPU.ActiveCfg = Release|Any CPU
		{626CFFEC-0B89-45BF-9BDA-4C9B09B0FCFB}.Release|Any CPU.Build.0 = Release|Any CPU
		{456F0089-64F8-41AC-957E-E546F084BDA9}.Debug|Any CPU.ActiveCfg = Debug|Any CPU
		{456F0089-64F8-41AC-957E-E546F084BDA9}.Debug|Any CPU.Build.0 = Debug|Any CPU
		{456F0089-64F8-41AC-957E-E546F084BDA9}.Release|Any CPU.ActiveCfg = Release|Any CPU
		{456F0089-64F8-41AC-957E-E546F084BDA9}.Release|Any CPU.Build.0 = Release|Any CPU
		{D4C8FAAD-C96B-44FA-9AD6-11EAAEE4ABDA}.Debug|Any CPU.ActiveCfg = Debug|Any CPU
		{D4C8FAAD-C96B-44FA-9AD6-11EAAEE4ABDA}.Debug|Any CPU.Build.0 = Debug|Any CPU
		{D4C8FAAD-C96B-44FA-9AD6-11EAAEE4ABDA}.Release|Any CPU.ActiveCfg = Release|Any CPU
		{D4C8FAAD-C96B-44FA-9AD6-11EAAEE4ABDA}.Release|Any CPU.Build.0 = Release|Any CPU
		{968678F7-B275-4A1A-8A74-3F9233E0C609}.Debug|Any CPU.ActiveCfg = Debug|Any CPU
		{968678F7-B275-4A1A-8A74-3F9233E0C609}.Debug|Any CPU.Build.0 = Debug|Any CPU
		{968678F7-B275-4A1A-8A74-3F9233E0C609}.Release|Any CPU.ActiveCfg = Release|Any CPU
		{968678F7-B275-4A1A-8A74-3F9233E0C609}.Release|Any CPU.Build.0 = Release|Any CPU
		{E4716B4F-97BD-4333-BEB6-7495B4A71D01}.Debug|Any CPU.ActiveCfg = Debug|Any CPU
		{E4716B4F-97BD-4333-BEB6-7495B4A71D01}.Debug|Any CPU.Build.0 = Debug|Any CPU
		{E4716B4F-97BD-4333-BEB6-7495B4A71D01}.Release|Any CPU.ActiveCfg = Release|Any CPU
		{E4716B4F-97BD-4333-BEB6-7495B4A71D01}.Release|Any CPU.Build.0 = Release|Any CPU
		{876C26BF-07C1-4F8D-8A12-5632642DDB09}.Debug|Any CPU.ActiveCfg = Debug|Any CPU
		{876C26BF-07C1-4F8D-8A12-5632642DDB09}.Debug|Any CPU.Build.0 = Debug|Any CPU
		{876C26BF-07C1-4F8D-8A12-5632642DDB09}.Release|Any CPU.ActiveCfg = Release|Any CPU
		{876C26BF-07C1-4F8D-8A12-5632642DDB09}.Release|Any CPU.Build.0 = Release|Any CPU
		{4648FE3E-F69D-4FE0-A6FB-56A6FF3495A0}.Debug|Any CPU.ActiveCfg = Debug|Any CPU
		{4648FE3E-F69D-4FE0-A6FB-56A6FF3495A0}.Debug|Any CPU.Build.0 = Debug|Any CPU
		{4648FE3E-F69D-4FE0-A6FB-56A6FF3495A0}.Release|Any CPU.ActiveCfg = Release|Any CPU
		{4648FE3E-F69D-4FE0-A6FB-56A6FF3495A0}.Release|Any CPU.Build.0 = Release|Any CPU
		{3BB9906A-5EA6-40A4-B427-B4F07D1F077B}.Debug|Any CPU.ActiveCfg = Debug|Any CPU
		{3BB9906A-5EA6-40A4-B427-B4F07D1F077B}.Debug|Any CPU.Build.0 = Debug|Any CPU
		{3BB9906A-5EA6-40A4-B427-B4F07D1F077B}.Release|Any CPU.ActiveCfg = Release|Any CPU
		{3BB9906A-5EA6-40A4-B427-B4F07D1F077B}.Release|Any CPU.Build.0 = Release|Any CPU
		{40B44331-1693-4ABC-93A8-F204E40B04E4}.Debug|Any CPU.ActiveCfg = Debug|Any CPU
		{40B44331-1693-4ABC-93A8-F204E40B04E4}.Debug|Any CPU.Build.0 = Debug|Any CPU
		{40B44331-1693-4ABC-93A8-F204E40B04E4}.Release|Any CPU.ActiveCfg = Release|Any CPU
		{40B44331-1693-4ABC-93A8-F204E40B04E4}.Release|Any CPU.Build.0 = Release|Any CPU
	EndGlobalSection
	GlobalSection(SolutionProperties) = preSolution
		HideSolutionNode = FALSE
	EndGlobalSection
	GlobalSection(ExtensibilityGlobals) = postSolution
		SolutionGuid = {87715344-53C0-467D-ADED-D70D0D8FC1D8}
	EndGlobalSection
EndGlobal
