
Microsoft Visual Studio Solution File, Format Version 12.00
# Visual Studio 15
VisualStudioVersion = 15.0.26730.12
MinimumVisualStudioVersion = 10.0.40219.1
Project("{9A19103F-16F7-4668-BE54-9A1E7A4F7556}") = "task2", "task2\task2.csproj", "{CC3E8E5A-EBDD-40C7-9D80-A267337C5550}"
EndProject
Project("{9A19103F-16F7-4668-BE54-9A1E7A4F7556}") = "Task1", "Task1\Task1.csproj", "{51A24F6B-E258-4DE5-A80F-3E8BD81949BE}"
EndProject
Project("{9A19103F-16F7-4668-BE54-9A1E7A4F7556}") = "task3", "task3\task3.csproj", "{8774F1E5-268C-4BF0-9780-6B581AA2B6B1}"
EndProject
Project("{9A19103F-16F7-4668-BE54-9A1E7A4F7556}") = "task4", "task4\task4.csproj", "{66E85092-F9EA-4070-895A-7FB100DB9C37}"
EndProject
Project("{FAE04EC0-301F-11D3-BF4B-00C04F79EFBC}") = "task5", "task5\task5.csproj", "{2466CDB4-2871-4AD7-9AE8-94011E8B97F0}"
EndProject
Global
	GlobalSection(SolutionConfigurationPlatforms) = preSolution
		Debug|Any CPU = Debug|Any CPU
		Release|Any CPU = Release|Any CPU
	EndGlobalSection
	GlobalSection(ProjectConfigurationPlatforms) = postSolution
		{CC3E8E5A-EBDD-40C7-9D80-A267337C5550}.Debug|Any CPU.ActiveCfg = Debug|Any CPU
		{CC3E8E5A-EBDD-40C7-9D80-A267337C5550}.Debug|Any CPU.Build.0 = Debug|Any CPU
		{CC3E8E5A-EBDD-40C7-9D80-A267337C5550}.Release|Any CPU.ActiveCfg = Release|Any CPU
		{CC3E8E5A-EBDD-40C7-9D80-A267337C5550}.Release|Any CPU.Build.0 = Release|Any CPU
		{51A24F6B-E258-4DE5-A80F-3E8BD81949BE}.Debug|Any CPU.ActiveCfg = Debug|Any CPU
		{51A24F6B-E258-4DE5-A80F-3E8BD81949BE}.Debug|Any CPU.Build.0 = Debug|Any CPU
		{51A24F6B-E258-4DE5-A80F-3E8BD81949BE}.Release|Any CPU.ActiveCfg = Release|Any CPU
		{51A24F6B-E258-4DE5-A80F-3E8BD81949BE}.Release|Any CPU.Build.0 = Release|Any CPU
		{8774F1E5-268C-4BF0-9780-6B581AA2B6B1}.Debug|Any CPU.ActiveCfg = Debug|Any CPU
		{8774F1E5-268C-4BF0-9780-6B581AA2B6B1}.Debug|Any CPU.Build.0 = Debug|Any CPU
		{8774F1E5-268C-4BF0-9780-6B581AA2B6B1}.Release|Any CPU.ActiveCfg = Release|Any CPU
		{8774F1E5-268C-4BF0-9780-6B581AA2B6B1}.Release|Any CPU.Build.0 = Release|Any CPU
		{66E85092-F9EA-4070-895A-7FB100DB9C37}.Debug|Any CPU.ActiveCfg = Debug|Any CPU
		{66E85092-F9EA-4070-895A-7FB100DB9C37}.Debug|Any CPU.Build.0 = Debug|Any CPU
		{66E85092-F9EA-4070-895A-7FB100DB9C37}.Release|Any CPU.ActiveCfg = Release|Any CPU
		{66E85092-F9EA-4070-895A-7FB100DB9C37}.Release|Any CPU.Build.0 = Release|Any CPU
		{2466CDB4-2871-4AD7-9AE8-94011E8B97F0}.Debug|Any CPU.ActiveCfg = Debug|Any CPU
		{2466CDB4-2871-4AD7-9AE8-94011E8B97F0}.Debug|Any CPU.Build.0 = Debug|Any CPU
		{2466CDB4-2871-4AD7-9AE8-94011E8B97F0}.Release|Any CPU.ActiveCfg = Release|Any CPU
		{2466CDB4-2871-4AD7-9AE8-94011E8B97F0}.Release|Any CPU.Build.0 = Release|Any CPU
	EndGlobalSection
	GlobalSection(SolutionProperties) = preSolution
		HideSolutionNode = FALSE
	EndGlobalSection
	GlobalSection(ExtensibilityGlobals) = postSolution
		SolutionGuid = {265021D0-9B83-4790-8C56-20F25A59F87F}
	EndGlobalSection
EndGlobal
